
Microsoft Visual Studio Solution File, Format Version 12.00
# Visual Studio Version 16
Project("{2150E333-8FDC-42A3-9474-1A3956D46DE8}") = "src", "src", "{1EC590C8-3A29-4899-A6E1-E22A18CB1411}"
EndProject
Project("{2150E333-8FDC-42A3-9474-1A3956D46DE8}") = "tests", "tests", "{F8368C60-6593-41EC-9F8D-3727D647AE39}"
EndProject
Project("{FAE04EC0-301F-11D3-BF4B-00C04F79EFBC}") = "xUnit.Gwt", "src\xUnit.Gwt\xUnit.Gwt.csproj", "{C9773EF3-F6BE-40C1-A0F0-20364CF68A9F}"
EndProject
Project("{FAE04EC0-301F-11D3-BF4B-00C04F79EFBC}") = "xUnit.Gwt.Tests", "tests\xUnit.Gwt.Tests\xUnit.Gwt.Tests.csproj", "{4EE2921D-D79A-478C-95BF-831E4F1E4DD9}"
EndProject
Global
	GlobalSection(SolutionConfigurationPlatforms) = preSolution
		Debug|Any CPU = Debug|Any CPU
		Release|Any CPU = Release|Any CPU
	EndGlobalSection
	GlobalSection(ProjectConfigurationPlatforms) = postSolution
		{C9773EF3-F6BE-40C1-A0F0-20364CF68A9F}.Debug|Any CPU.ActiveCfg = Debug|Any CPU
		{C9773EF3-F6BE-40C1-A0F0-20364CF68A9F}.Debug|Any CPU.Build.0 = Debug|Any CPU
		{C9773EF3-F6BE-40C1-A0F0-20364CF68A9F}.Release|Any CPU.ActiveCfg = Release|Any CPU
		{C9773EF3-F6BE-40C1-A0F0-20364CF68A9F}.Release|Any CPU.Build.0 = Release|Any CPU
		{4EE2921D-D79A-478C-95BF-831E4F1E4DD9}.Debug|Any CPU.ActiveCfg = Debug|Any CPU
		{4EE2921D-D79A-478C-95BF-831E4F1E4DD9}.Debug|Any CPU.Build.0 = Debug|Any CPU
		{4EE2921D-D79A-478C-95BF-831E4F1E4DD9}.Release|Any CPU.ActiveCfg = Release|Any CPU
		{4EE2921D-D79A-478C-95BF-831E4F1E4DD9}.Release|Any CPU.Build.0 = Release|Any CPU
	EndGlobalSection
	GlobalSection(NestedProjects) = preSolution
		{C9773EF3-F6BE-40C1-A0F0-20364CF68A9F} = {1EC590C8-3A29-4899-A6E1-E22A18CB1411}
		{4EE2921D-D79A-478C-95BF-831E4F1E4DD9} = {F8368C60-6593-41EC-9F8D-3727D647AE39}
	EndGlobalSection
EndGlobal
